
Microsoft Visual Studio Solution File, Format Version 12.00
# Visual Studio Version 16
VisualStudioVersion = 16.0.29905.134
MinimumVisualStudioVersion = 10.0.40219.1
Project("{9A19103F-16F7-4668-BE54-9A1E7A4F7556}") = "ReadCreaditCardInfo", "ReadCreaditCardInfo\ReadCreaditCardInfo.csproj", "{976E4358-9F13-44A9-BB94-0AB729B18814}"
EndProject
Project("{9A19103F-16F7-4668-BE54-9A1E7A4F7556}") = "UsbPcscReader", "UsbPcscReader\UsbPcscReader.csproj", "{9CB502DF-03E7-485E-87D7-985752B01A19}"
EndProject
Global
	GlobalSection(SolutionConfigurationPlatforms) = preSolution
		Debug|Any CPU = Debug|Any CPU
		Release|Any CPU = Release|Any CPU
	EndGlobalSection
	GlobalSection(ProjectConfigurationPlatforms) = postSolution
		{976E4358-9F13-44A9-BB94-0AB729B18814}.Debug|Any CPU.ActiveCfg = Debug|Any CPU
		{976E4358-9F13-44A9-BB94-0AB729B18814}.Debug|Any CPU.Build.0 = Debug|Any CPU
		{976E4358-9F13-44A9-BB94-0AB729B18814}.Release|Any CPU.ActiveCfg = Release|Any CPU
		{976E4358-9F13-44A9-BB94-0AB729B18814}.Release|Any CPU.Build.0 = Release|Any CPU
		{9CB502DF-03E7-485E-87D7-985752B01A19}.Debug|Any CPU.ActiveCfg = Debug|Any CPU
		{9CB502DF-03E7-485E-87D7-985752B01A19}.Debug|Any CPU.Build.0 = Debug|Any CPU
		{9CB502DF-03E7-485E-87D7-985752B01A19}.Release|Any CPU.ActiveCfg = Release|Any CPU
		{9CB502DF-03E7-485E-87D7-985752B01A19}.Release|Any CPU.Build.0 = Release|Any CPU
	EndGlobalSection
	GlobalSection(SolutionProperties) = preSolution
		HideSolutionNode = FALSE
	EndGlobalSection
	GlobalSection(ExtensibilityGlobals) = postSolution
		SolutionGuid = {C1638639-7F11-47DF-8041-BE5A7B027851}
	EndGlobalSection
EndGlobal
